
Microsoft Visual Studio Solution File, Format Version 12.00
# Visual Studio 2012
Project("{FAE04EC0-301F-11D3-BF4B-00C04F79EFBC}") = "PlanServerWinExe", "PlanServerWinExe\PlanServerWinExe.csproj", "{71E9C681-1D48-49AA-B93F-C7302E38986C}"
EndProject
Project("{FAE04EC0-301F-11D3-BF4B-00C04F79EFBC}") = "PlanServerTaskManager", "PlanServerTaskManager\PlanServerTaskManager.csproj", "{E55D8C44-638F-44B6-B2AB-59B5ABA067EC}"
EndProject
Project("{FAE04EC0-301F-11D3-BF4B-00C04F79EFBC}") = "PlanServerService", "PlanServerService\PlanServerService.csproj", "{6B30F584-EC66-46D1-8B6F-7224CDD277A7}"
EndProject
Project("{FAE04EC0-301F-11D3-BF4B-00C04F79EFBC}") = "PlanServerWinService", "PlanServerWinService\PlanServerWinService.csproj", "{BB9BF2C8-38FE-45EA-B917-A98F88528B8E}"
EndProject
Project("{FAE04EC0-301F-11D3-BF4B-00C04F79EFBC}") = "PlanServerTaskManager.Web", "PlanServerTaskManager.Web\PlanServerTaskManager.Web.csproj", "{584890F1-08B2-4463-A504-87D7AE92EC66}"
EndProject
Project("{FAE04EC0-301F-11D3-BF4B-00C04F79EFBC}") = "PlanServerRestart", "PlanServerRunTest\PlanServerRestart.csproj", "{D4F10F9A-670C-49F0-B7E6-0634EC2E9387}"
EndProject
Project("{FAE04EC0-301F-11D3-BF4B-00C04F79EFBC}") = "PlanServerExtend", "PlanServerExtend\PlanServerExtend.csproj", "{79CC6F33-CCEF-4246-B1E7-E9FB14237271}"
EndProject
Global
	GlobalSection(TestCaseManagementSettings) = postSolution
		CategoryFile = WebSiteMonitor.vsmdi
	EndGlobalSection
	GlobalSection(SolutionConfigurationPlatforms) = preSolution
		Debug|Any CPU = Debug|Any CPU
		Debug|Mixed Platforms = Debug|Mixed Platforms
		Debug|x86 = Debug|x86
		MonoTouch|Any CPU = MonoTouch|Any CPU
		MonoTouch|Mixed Platforms = MonoTouch|Mixed Platforms
		MonoTouch|x86 = MonoTouch|x86
		Release|Any CPU = Release|Any CPU
		Release|Mixed Platforms = Release|Mixed Platforms
		Release|x86 = Release|x86
		STATIC_ONLY NO_EXPRESSIONS|Any CPU = STATIC_ONLY NO_EXPRESSIONS|Any CPU
		STATIC_ONLY NO_EXPRESSIONS|Mixed Platforms = STATIC_ONLY NO_EXPRESSIONS|Mixed Platforms
		STATIC_ONLY NO_EXPRESSIONS|x86 = STATIC_ONLY NO_EXPRESSIONS|x86
	EndGlobalSection
	GlobalSection(ProjectConfigurationPlatforms) = postSolution
		{71E9C681-1D48-49AA-B93F-C7302E38986C}.Debug|Any CPU.ActiveCfg = Debug|x86
		{71E9C681-1D48-49AA-B93F-C7302E38986C}.Debug|Mixed Platforms.ActiveCfg = Debug|x86
		{71E9C681-1D48-49AA-B93F-C7302E38986C}.Debug|Mixed Platforms.Build.0 = Debug|x86
		{71E9C681-1D48-49AA-B93F-C7302E38986C}.Debug|x86.ActiveCfg = Debug|x86
		{71E9C681-1D48-49AA-B93F-C7302E38986C}.Debug|x86.Build.0 = Debug|x86
		{71E9C681-1D48-49AA-B93F-C7302E38986C}.MonoTouch|Any CPU.ActiveCfg = Release|x86
		{71E9C681-1D48-49AA-B93F-C7302E38986C}.MonoTouch|Mixed Platforms.ActiveCfg = Release|x86
		{71E9C681-1D48-49AA-B93F-C7302E38986C}.MonoTouch|Mixed Platforms.Build.0 = Release|x86
		{71E9C681-1D48-49AA-B93F-C7302E38986C}.MonoTouch|x86.ActiveCfg = Release|x86
		{71E9C681-1D48-49AA-B93F-C7302E38986C}.MonoTouch|x86.Build.0 = Release|x86
		{71E9C681-1D48-49AA-B93F-C7302E38986C}.Release|Any CPU.ActiveCfg = Release|x86
		{71E9C681-1D48-49AA-B93F-C7302E38986C}.Release|Mixed Platforms.ActiveCfg = Release|x86
		{71E9C681-1D48-49AA-B93F-C7302E38986C}.Release|Mixed Platforms.Build.0 = Release|x86
		{71E9C681-1D48-49AA-B93F-C7302E38986C}.Release|x86.ActiveCfg = Release|x86
		{71E9C681-1D48-49AA-B93F-C7302E38986C}.Release|x86.Build.0 = Release|x86
		{71E9C681-1D48-49AA-B93F-C7302E38986C}.STATIC_ONLY NO_EXPRESSIONS|Any CPU.ActiveCfg = Release|x86
		{71E9C681-1D48-49AA-B93F-C7302E38986C}.STATIC_ONLY NO_EXPRESSIONS|Mixed Platforms.ActiveCfg = Release|x86
		{71E9C681-1D48-49AA-B93F-C7302E38986C}.STATIC_ONLY NO_EXPRESSIONS|Mixed Platforms.Build.0 = Release|x86
		{71E9C681-1D48-49AA-B93F-C7302E38986C}.STATIC_ONLY NO_EXPRESSIONS|x86.ActiveCfg = Release|x86
		{71E9C681-1D48-49AA-B93F-C7302E38986C}.STATIC_ONLY NO_EXPRESSIONS|x86.Build.0 = Release|x86
		{E55D8C44-638F-44B6-B2AB-59B5ABA067EC}.Debug|Any CPU.ActiveCfg = Debug|x86
		{E55D8C44-638F-44B6-B2AB-59B5ABA067EC}.Debug|Mixed Platforms.ActiveCfg = Debug|x86
		{E55D8C44-638F-44B6-B2AB-59B5ABA067EC}.Debug|Mixed Platforms.Build.0 = Debug|x86
		{E55D8C44-638F-44B6-B2AB-59B5ABA067EC}.Debug|x86.ActiveCfg = Debug|x86
		{E55D8C44-638F-44B6-B2AB-59B5ABA067EC}.Debug|x86.Build.0 = Debug|x86
		{E55D8C44-638F-44B6-B2AB-59B5ABA067EC}.MonoTouch|Any CPU.ActiveCfg = Release|x86
		{E55D8C44-638F-44B6-B2AB-59B5ABA067EC}.MonoTouch|Mixed Platforms.ActiveCfg = Release|x86
		{E55D8C44-638F-44B6-B2AB-59B5ABA067EC}.MonoTouch|Mixed Platforms.Build.0 = Release|x86
		{E55D8C44-638F-44B6-B2AB-59B5ABA067EC}.MonoTouch|x86.ActiveCfg = Release|x86
		{E55D8C44-638F-44B6-B2AB-59B5ABA067EC}.MonoTouch|x86.Build.0 = Release|x86
		{E55D8C44-638F-44B6-B2AB-59B5ABA067EC}.Release|Any CPU.ActiveCfg = Release|x86
		{E55D8C44-638F-44B6-B2AB-59B5ABA067EC}.Release|Mixed Platforms.ActiveCfg = Release|x86
		{E55D8C44-638F-44B6-B2AB-59B5ABA067EC}.Release|Mixed Platforms.Build.0 = Release|x86
		{E55D8C44-638F-44B6-B2AB-59B5ABA067EC}.Release|x86.ActiveCfg = Release|x86
		{E55D8C44-638F-44B6-B2AB-59B5ABA067EC}.Release|x86.Build.0 = Release|x86
		{E55D8C44-638F-44B6-B2AB-59B5ABA067EC}.STATIC_ONLY NO_EXPRESSIONS|Any CPU.ActiveCfg = Release|x86
		{E55D8C44-638F-44B6-B2AB-59B5ABA067EC}.STATIC_ONLY NO_EXPRESSIONS|Mixed Platforms.ActiveCfg = Release|x86
		{E55D8C44-638F-44B6-B2AB-59B5ABA067EC}.STATIC_ONLY NO_EXPRESSIONS|Mixed Platforms.Build.0 = Release|x86
		{E55D8C44-638F-44B6-B2AB-59B5ABA067EC}.STATIC_ONLY NO_EXPRESSIONS|x86.ActiveCfg = Release|x86
		{E55D8C44-638F-44B6-B2AB-59B5ABA067EC}.STATIC_ONLY NO_EXPRESSIONS|x86.Build.0 = Release|x86
		{6B30F584-EC66-46D1-8B6F-7224CDD277A7}.Debug|Any CPU.ActiveCfg = Debug|Any CPU
		{6B30F584-EC66-46D1-8B6F-7224CDD277A7}.Debug|Any CPU.Build.0 = Debug|Any CPU
		{6B30F584-EC66-46D1-8B6F-7224CDD277A7}.Debug|Mixed Platforms.ActiveCfg = Debug|Any CPU
		{6B30F584-EC66-46D1-8B6F-7224CDD277A7}.Debug|Mixed Platforms.Build.0 = Debug|Any CPU
		{6B30F584-EC66-46D1-8B6F-7224CDD277A7}.Debug|x86.ActiveCfg = Debug|Any CPU
		{6B30F584-EC66-46D1-8B6F-7224CDD277A7}.MonoTouch|Any CPU.ActiveCfg = Release|Any CPU
		{6B30F584-EC66-46D1-8B6F-7224CDD277A7}.MonoTouch|Any CPU.Build.0 = Release|Any CPU
		{6B30F584-EC66-46D1-8B6F-7224CDD277A7}.MonoTouch|Mixed Platforms.ActiveCfg = Release|Any CPU
		{6B30F584-EC66-46D1-8B6F-7224CDD277A7}.MonoTouch|Mixed Platforms.Build.0 = Release|Any CPU
		{6B30F584-EC66-46D1-8B6F-7224CDD277A7}.MonoTouch|x86.ActiveCfg = Release|Any CPU
		{6B30F584-EC66-46D1-8B6F-7224CDD277A7}.Release|Any CPU.ActiveCfg = Release|Any CPU
		{6B30F584-EC66-46D1-8B6F-7224CDD277A7}.Release|Any CPU.Build.0 = Release|Any CPU
		{6B30F584-EC66-46D1-8B6F-7224CDD277A7}.Release|Mixed Platforms.ActiveCfg = Release|Any CPU
		{6B30F584-EC66-46D1-8B6F-7224CDD277A7}.Release|Mixed Platforms.Build.0 = Release|Any CPU
		{6B30F584-EC66-46D1-8B6F-7224CDD277A7}.Release|x86.ActiveCfg = Release|Any CPU
		{6B30F584-EC66-46D1-8B6F-7224CDD277A7}.STATIC_ONLY NO_EXPRESSIONS|Any CPU.ActiveCfg = Release|Any CPU
		{6B30F584-EC66-46D1-8B6F-7224CDD277A7}.STATIC_ONLY NO_EXPRESSIONS|Any CPU.Build.0 = Release|Any CPU
		{6B30F584-EC66-46D1-8B6F-7224CDD277A7}.STATIC_ONLY NO_EXPRESSIONS|Mixed Platforms.ActiveCfg = Release|Any CPU
		{6B30F584-EC66-46D1-8B6F-7224CDD277A7}.STATIC_ONLY NO_EXPRESSIONS|Mixed Platforms.Build.0 = Release|Any CPU
		{6B30F584-EC66-46D1-8B6F-7224CDD277A7}.STATIC_ONLY NO_EXPRESSIONS|x86.ActiveCfg = Release|Any CPU
		{BB9BF2C8-38FE-45EA-B917-A98F88528B8E}.Debug|Any CPU.ActiveCfg = Debug|x86
		{BB9BF2C8-38FE-45EA-B917-A98F88528B8E}.Debug|Mixed Platforms.ActiveCfg = Debug|x86
		{BB9BF2C8-38FE-45EA-B917-A98F88528B8E}.Debug|Mixed Platforms.Build.0 = Debug|x86
		{BB9BF2C8-38FE-45EA-B917-A98F88528B8E}.Debug|x86.ActiveCfg = Debug|x86
		{BB9BF2C8-38FE-45EA-B917-A98F88528B8E}.Debug|x86.Build.0 = Debug|x86
		{BB9BF2C8-38FE-45EA-B917-A98F88528B8E}.MonoTouch|Any CPU.ActiveCfg = Release|x86
		{BB9BF2C8-38FE-45EA-B917-A98F88528B8E}.MonoTouch|Mixed Platforms.ActiveCfg = Release|x86
		{BB9BF2C8-38FE-45EA-B917-A98F88528B8E}.MonoTouch|Mixed Platforms.Build.0 = Release|x86
		{BB9BF2C8-38FE-45EA-B917-A98F88528B8E}.MonoTouch|x86.ActiveCfg = Release|x86
		{BB9BF2C8-38FE-45EA-B917-A98F88528B8E}.MonoTouch|x86.Build.0 = Release|x86
		{BB9BF2C8-38FE-45EA-B917-A98F88528B8E}.Release|Any CPU.ActiveCfg = Release|x86
		{BB9BF2C8-38FE-45EA-B917-A98F88528B8E}.Release|Mixed Platforms.ActiveCfg = Release|x86
		{BB9BF2C8-38FE-45EA-B917-A98F88528B8E}.Release|Mixed Platforms.Build.0 = Release|x86
		{BB9BF2C8-38FE-45EA-B917-A98F88528B8E}.Release|x86.ActiveCfg = Release|x86
		{BB9BF2C8-38FE-45EA-B917-A98F88528B8E}.Release|x86.Build.0 = Release|x86
		{BB9BF2C8-38FE-45EA-B917-A98F88528B8E}.STATIC_ONLY NO_EXPRESSIONS|Any CPU.ActiveCfg = Release|x86
		{BB9BF2C8-38FE-45EA-B917-A98F88528B8E}.STATIC_ONLY NO_EXPRESSIONS|Mixed Platforms.ActiveCfg = Release|x86
		{BB9BF2C8-38FE-45EA-B917-A98F88528B8E}.STATIC_ONLY NO_EXPRESSIONS|Mixed Platforms.Build.0 = Release|x86
		{BB9BF2C8-38FE-45EA-B917-A98F88528B8E}.STATIC_ONLY NO_EXPRESSIONS|x86.ActiveCfg = Release|x86
		{BB9BF2C8-38FE-45EA-B917-A98F88528B8E}.STATIC_ONLY NO_EXPRESSIONS|x86.Build.0 = Release|x86
		{584890F1-08B2-4463-A504-87D7AE92EC66}.Debug|Any CPU.ActiveCfg = Debug|Any CPU
		{584890F1-08B2-4463-A504-87D7AE92EC66}.Debug|Any CPU.Build.0 = Debug|Any CPU
		{584890F1-08B2-4463-A504-87D7AE92EC66}.Debug|Mixed Platforms.ActiveCfg = Debug|Any CPU
		{584890F1-08B2-4463-A504-87D7AE92EC66}.Debug|Mixed Platforms.Build.0 = Debug|Any CPU
		{584890F1-08B2-4463-A504-87D7AE92EC66}.Debug|x86.ActiveCfg = Debug|Any CPU
		{584890F1-08B2-4463-A504-87D7AE92EC66}.MonoTouch|Any CPU.ActiveCfg = Release|Any CPU
		{584890F1-08B2-4463-A504-87D7AE92EC66}.MonoTouch|Any CPU.Build.0 = Release|Any CPU
		{584890F1-08B2-4463-A504-87D7AE92EC66}.MonoTouch|Mixed Platforms.ActiveCfg = Release|Any CPU
		{584890F1-08B2-4463-A504-87D7AE92EC66}.MonoTouch|Mixed Platforms.Build.0 = Release|Any CPU
		{584890F1-08B2-4463-A504-87D7AE92EC66}.MonoTouch|x86.ActiveCfg = Release|Any CPU
		{584890F1-08B2-4463-A504-87D7AE92EC66}.Release|Any CPU.ActiveCfg = Release|Any CPU
		{584890F1-08B2-4463-A504-87D7AE92EC66}.Release|Any CPU.Build.0 = Release|Any CPU
		{584890F1-08B2-4463-A504-87D7AE92EC66}.Release|Mixed Platforms.ActiveCfg = Release|Any CPU
		{584890F1-08B2-4463-A504-87D7AE92EC66}.Release|Mixed Platforms.Build.0 = Release|Any CPU
		{584890F1-08B2-4463-A504-87D7AE92EC66}.Release|x86.ActiveCfg = Release|Any CPU
		{584890F1-08B2-4463-A504-87D7AE92EC66}.STATIC_ONLY NO_EXPRESSIONS|Any CPU.ActiveCfg = Release|Any CPU
		{584890F1-08B2-4463-A504-87D7AE92EC66}.STATIC_ONLY NO_EXPRESSIONS|Any CPU.Build.0 = Release|Any CPU
		{584890F1-08B2-4463-A504-87D7AE92EC66}.STATIC_ONLY NO_EXPRESSIONS|Mixed Platforms.ActiveCfg = Release|Any CPU
		{584890F1-08B2-4463-A504-87D7AE92EC66}.STATIC_ONLY NO_EXPRESSIONS|Mixed Platforms.Build.0 = Release|Any CPU
		{584890F1-08B2-4463-A504-87D7AE92EC66}.STATIC_ONLY NO_EXPRESSIONS|x86.ActiveCfg = Release|Any CPU
		{D4F10F9A-670C-49F0-B7E6-0634EC2E9387}.Debug|Any CPU.ActiveCfg = Debug|x86
		{D4F10F9A-670C-49F0-B7E6-0634EC2E9387}.Debug|Mixed Platforms.ActiveCfg = Debug|x86
		{D4F10F9A-670C-49F0-B7E6-0634EC2E9387}.Debug|Mixed Platforms.Build.0 = Debug|x86
		{D4F10F9A-670C-49F0-B7E6-0634EC2E9387}.Debug|x86.ActiveCfg = Debug|x86
		{D4F10F9A-670C-49F0-B7E6-0634EC2E9387}.Debug|x86.Build.0 = Debug|x86
		{D4F10F9A-670C-49F0-B7E6-0634EC2E9387}.MonoTouch|Any CPU.ActiveCfg = Release|x86
		{D4F10F9A-670C-49F0-B7E6-0634EC2E9387}.MonoTouch|Mixed Platforms.ActiveCfg = Release|x86
		{D4F10F9A-670C-49F0-B7E6-0634EC2E9387}.MonoTouch|Mixed Platforms.Build.0 = Release|x86
		{D4F10F9A-670C-49F0-B7E6-0634EC2E9387}.MonoTouch|x86.ActiveCfg = Release|x86
		{D4F10F9A-670C-49F0-B7E6-0634EC2E9387}.MonoTouch|x86.Build.0 = Release|x86
		{D4F10F9A-670C-49F0-B7E6-0634EC2E9387}.Release|Any CPU.ActiveCfg = Release|x86
		{D4F10F9A-670C-49F0-B7E6-0634EC2E9387}.Release|Mixed Platforms.ActiveCfg = Release|x86
		{D4F10F9A-670C-49F0-B7E6-0634EC2E9387}.Release|Mixed Platforms.Build.0 = Release|x86
		{D4F10F9A-670C-49F0-B7E6-0634EC2E9387}.Release|x86.ActiveCfg = Release|x86
		{D4F10F9A-670C-49F0-B7E6-0634EC2E9387}.Release|x86.Build.0 = Release|x86
		{D4F10F9A-670C-49F0-B7E6-0634EC2E9387}.STATIC_ONLY NO_EXPRESSIONS|Any CPU.ActiveCfg = Release|x86
		{D4F10F9A-670C-49F0-B7E6-0634EC2E9387}.STATIC_ONLY NO_EXPRESSIONS|Mixed Platforms.ActiveCfg = Release|x86
		{D4F10F9A-670C-49F0-B7E6-0634EC2E9387}.STATIC_ONLY NO_EXPRESSIONS|Mixed Platforms.Build.0 = Release|x86
		{D4F10F9A-670C-49F0-B7E6-0634EC2E9387}.STATIC_ONLY NO_EXPRESSIONS|x86.ActiveCfg = Release|x86
		{D4F10F9A-670C-49F0-B7E6-0634EC2E9387}.STATIC_ONLY NO_EXPRESSIONS|x86.Build.0 = Release|x86
		{79CC6F33-CCEF-4246-B1E7-E9FB14237271}.Debug|Any CPU.ActiveCfg = Debug|Any CPU
		{79CC6F33-CCEF-4246-B1E7-E9FB14237271}.Debug|Any CPU.Build.0 = Debug|Any CPU
		{79CC6F33-CCEF-4246-B1E7-E9FB14237271}.Debug|Mixed Platforms.ActiveCfg = Debug|Any CPU
		{79CC6F33-CCEF-4246-B1E7-E9FB14237271}.Debug|Mixed Platforms.Build.0 = Debug|Any CPU
		{79CC6F33-CCEF-4246-B1E7-E9FB14237271}.Debug|x86.ActiveCfg = Debug|Any CPU
		{79CC6F33-CCEF-4246-B1E7-E9FB14237271}.MonoTouch|Any CPU.ActiveCfg = Release|Any CPU
		{79CC6F33-CCEF-4246-B1E7-E9FB14237271}.MonoTouch|Any CPU.Build.0 = Release|Any CPU
		{79CC6F33-CCEF-4246-B1E7-E9FB14237271}.MonoTouch|Mixed Platforms.ActiveCfg = Release|Any CPU
		{79CC6F33-CCEF-4246-B1E7-E9FB14237271}.MonoTouch|Mixed Platforms.Build.0 = Release|Any CPU
		{79CC6F33-CCEF-4246-B1E7-E9FB14237271}.MonoTouch|x86.ActiveCfg = Release|Any CPU
		{79CC6F33-CCEF-4246-B1E7-E9FB14237271}.Release|Any CPU.ActiveCfg = Release|Any CPU
		{79CC6F33-CCEF-4246-B1E7-E9FB14237271}.Release|Any CPU.Build.0 = Release|Any CPU
		{79CC6F33-CCEF-4246-B1E7-E9FB14237271}.Release|Mixed Platforms.ActiveCfg = Release|Any CPU
		{79CC6F33-CCEF-4246-B1E7-E9FB14237271}.Release|Mixed Platforms.Build.0 = Release|Any CPU
		{79CC6F33-CCEF-4246-B1E7-E9FB14237271}.Release|x86.ActiveCfg = Release|Any CPU
		{79CC6F33-CCEF-4246-B1E7-E9FB14237271}.STATIC_ONLY NO_EXPRESSIONS|Any CPU.ActiveCfg = Release|Any CPU
		{79CC6F33-CCEF-4246-B1E7-E9FB14237271}.STATIC_ONLY NO_EXPRESSIONS|Any CPU.Build.0 = Release|Any CPU
		{79CC6F33-CCEF-4246-B1E7-E9FB14237271}.STATIC_ONLY NO_EXPRESSIONS|Mixed Platforms.ActiveCfg = Release|Any CPU
		{79CC6F33-CCEF-4246-B1E7-E9FB14237271}.STATIC_ONLY NO_EXPRESSIONS|Mixed Platforms.Build.0 = Release|Any CPU
		{79CC6F33-CCEF-4246-B1E7-E9FB14237271}.STATIC_ONLY NO_EXPRESSIONS|x86.ActiveCfg = Release|Any CPU
	EndGlobalSection
	GlobalSection(SolutionProperties) = preSolution
		HideSolutionNode = FALSE
	EndGlobalSection
EndGlobal
